// !$*UTF8*$!
{
	archiveVersion = 1;
	classes = {
	};
	objectVersion = 50;
	objects = {

/* Begin PBXBuildFile section */
		3D59498F2557DB4000ABBF88 /* SceneDelegate.swift in Sources */ = {isa = PBXBuildFile; fileRef = 3DCCBCE825552D0A0032FD65 /* SceneDelegate.swift */; };
		3DCCBCE725552D0A0032FD65 /* AppDelegate.swift in Sources */ = {isa = PBXBuildFile; fileRef = 3DCCBCE625552D0A0032FD65 /* AppDelegate.swift */; };
		3DCCBCEB25552D0A0032FD65 /* ViewController.swift in Sources */ = {isa = PBXBuildFile; fileRef = 3DCCBCEA25552D0A0032FD65 /* ViewController.swift */; };
		3DCCBCEE25552D0A0032FD65 /* Main.storyboard in Resources */ = {isa = PBXBuildFile; fileRef = 3DCCBCEC25552D0A0032FD65 /* Main.storyboard */; };
		3DCCBCF025552D0C0032FD65 /* Assets.xcassets in Resources */ = {isa = PBXBuildFile; fileRef = 3DCCBCEF25552D0C0032FD65 /* Assets.xcassets */; };
		3DCCBCF325552D0C0032FD65 /* LaunchScreen.storyboard in Resources */ = {isa = PBXBuildFile; fileRef = 3DCCBCF125552D0C0032FD65 /* LaunchScreen.storyboard */; };
		3DCCBCFE25552D0C0032FD65 /* ConcentrationTests.swift in Sources */ = {isa = PBXBuildFile; fileRef = 3DCCBCFD25552D0C0032FD65 /* ConcentrationTests.swift */; };
		3DCCBD0925552D0C0032FD65 /* ConcentrationUITests.swift in Sources */ = {isa = PBXBuildFile; fileRef = 3DCCBD0825552D0C0032FD65 /* ConcentrationUITests.swift */; };
		3DCCBD2025559FBD0032FD65 /* Concentration.swift in Sources */ = {isa = PBXBuildFile; fileRef = 3DCCBD1F25559FBD0032FD65 /* Concentration.swift */; };
		3DCCBD2225559FF50032FD65 /* Card.swift in Sources */ = {isa = PBXBuildFile; fileRef = 3DCCBD2125559FF50032FD65 /* Card.swift */; };
/* End PBXBuildFile section */

/* Begin PBXContainerItemProxy section */
		3DCCBCFA25552D0C0032FD65 /* PBXContainerItemProxy */ = {
			isa = PBXContainerItemProxy;
			containerPortal = 3DCCBCDB25552D0A0032FD65 /* Project object */;
			proxyType = 1;
			remoteGlobalIDString = 3DCCBCE225552D0A0032FD65;
			remoteInfo = Concentration;
		};
		3DCCBD0525552D0C0032FD65 /* PBXContainerItemProxy */ = {
			isa = PBXContainerItemProxy;
			containerPortal = 3DCCBCDB25552D0A0032FD65 /* Project object */;
			proxyType = 1;
			remoteGlobalIDString = 3DCCBCE225552D0A0032FD65;
			remoteInfo = Concentration;
		};
/* End PBXContainerItemProxy section */

/* Begin PBXFileReference section */
		3DCCBCE325552D0A0032FD65 /* Concentration.app */ = {isa = PBXFileReference; explicitFileType = wrapper.application; includeInIndex = 0; path = Concentration.app; sourceTree = BUILT_PRODUCTS_DIR; };
		3DCCBCE625552D0A0032FD65 /* AppDelegate.swift */ = {isa = PBXFileReference; lastKnownFileType = sourcecode.swift; path = AppDelegate.swift; sourceTree = "<group>"; };
		3DCCBCE825552D0A0032FD65 /* SceneDelegate.swift */ = {isa = PBXFileReference; lastKnownFileType = sourcecode.swift; path = SceneDelegate.swift; sourceTree = "<group>"; };
		3DCCBCEA25552D0A0032FD65 /* ViewController.swift */ = {isa = PBXFileReference; lastKnownFileType = sourcecode.swift; path = ViewController.swift; sourceTree = "<group>"; };
		3DCCBCED25552D0A0032FD65 /* Base */ = {isa = PBXFileReference; lastKnownFileType = file.storyboard; name = Base; path = Base.lproj/Main.storyboard; sourceTree = "<group>"; };
		3DCCBCEF25552D0C0032FD65 /* Assets.xcassets */ = {isa = PBXFileReference; lastKnownFileType = folder.assetcatalog; path = Assets.xcassets; sourceTree = "<group>"; };
		3DCCBCF225552D0C0032FD65 /* Base */ = {isa = PBXFileReference; lastKnownFileType = file.storyboard; name = Base; path = Base.lproj/LaunchScreen.storyboard; sourceTree = "<group>"; };
		3DCCBCF425552D0C0032FD65 /* Info.plist */ = {isa = PBXFileReference; lastKnownFileType = text.plist.xml; path = Info.plist; sourceTree = "<group>"; };
		3DCCBCF925552D0C0032FD65 /* ConcentrationTests.xctest */ = {isa = PBXFileReference; explicitFileType = wrapper.cfbundle; includeInIndex = 0; path = ConcentrationTests.xctest; sourceTree = BUILT_PRODUCTS_DIR; };
		3DCCBCFD25552D0C0032FD65 /* ConcentrationTests.swift */ = {isa = PBXFileReference; lastKnownFileType = sourcecode.swift; path = ConcentrationTests.swift; sourceTree = "<group>"; };
		3DCCBCFF25552D0C0032FD65 /* Info.plist */ = {isa = PBXFileReference; lastKnownFileType = text.plist.xml; path = Info.plist; sourceTree = "<group>"; };
		3DCCBD0425552D0C0032FD65 /* ConcentrationUITests.xctest */ = {isa = PBXFileReference; explicitFileType = wrapper.cfbundle; includeInIndex = 0; path = ConcentrationUITests.xctest; sourceTree = BUILT_PRODUCTS_DIR; };
		3DCCBD0825552D0C0032FD65 /* ConcentrationUITests.swift */ = {isa = PBXFileReference; lastKnownFileType = sourcecode.swift; path = ConcentrationUITests.swift; sourceTree = "<group>"; };
		3DCCBD0A25552D0C0032FD65 /* Info.plist */ = {isa = PBXFileReference; lastKnownFileType = text.plist.xml; path = Info.plist; sourceTree = "<group>"; };
		3DCCBD1F25559FBD0032FD65 /* Concentration.swift */ = {isa = PBXFileReference; lastKnownFileType = sourcecode.swift; path = Concentration.swift; sourceTree = "<group>"; };
		3DCCBD2125559FF50032FD65 /* Card.swift */ = {isa = PBXFileReference; lastKnownFileType = sourcecode.swift; path = Card.swift; sourceTree = "<group>"; };
/* End PBXFileReference section */

/* Begin PBXFrameworksBuildPhase section */
		3DCCBCE025552D0A0032FD65 /* Frameworks */ = {
			isa = PBXFrameworksBuildPhase;
			buildActionMask = 2147483647;
			files = (
			);
			runOnlyForDeploymentPostprocessing = 0;
		};
		3DCCBCF625552D0C0032FD65 /* Frameworks */ = {
			isa = PBXFrameworksBuildPhase;
			buildActionMask = 2147483647;
			files = (
			);
			runOnlyForDeploymentPostprocessing = 0;
		};
		3DCCBD0125552D0C0032FD65 /* Frameworks */ = {
			isa = PBXFrameworksBuildPhase;
			buildActionMask = 2147483647;
			files = (
			);
			runOnlyForDeploymentPostprocessing = 0;
		};
/* End PBXFrameworksBuildPhase section */

/* Begin PBXGroup section */
		3DCCBCDA25552D0A0032FD65 = {
			isa = PBXGroup;
			children = (
				3DCCBCE525552D0A0032FD65 /* Concentration */,
				3DCCBCFC25552D0C0032FD65 /* ConcentrationTests */,
				3DCCBD0725552D0C0032FD65 /* ConcentrationUITests */,
				3DCCBCE425552D0A0032FD65 /* Products */,
			);
			sourceTree = "<group>";
		};
		3DCCBCE425552D0A0032FD65 /* Products */ = {
			isa = PBXGroup;
			children = (
				3DCCBCE325552D0A0032FD65 /* Concentration.app */,
				3DCCBCF925552D0C0032FD65 /* ConcentrationTests.xctest */,
				3DCCBD0425552D0C0032FD65 /* ConcentrationUITests.xctest */,
			);
			name = Products;
			sourceTree = "<group>";
		};
		3DCCBCE525552D0A0032FD65 /* Concentration */ = {
			isa = PBXGroup;
			children = (
				3DCCBD1625552D300032FD65 /* Supporting Files */,
				3DCCBCEA25552D0A0032FD65 /* ViewController.swift */,
				3DCCBCEC25552D0A0032FD65 /* Main.storyboard */,
				3DCCBCF425552D0C0032FD65 /* Info.plist */,
				3DCCBD1F25559FBD0032FD65 /* Concentration.swift */,
				3DCCBD2125559FF50032FD65 /* Card.swift */,
			);
			path = Concentration;
			sourceTree = "<group>";
		};
		3DCCBCFC25552D0C0032FD65 /* ConcentrationTests */ = {
			isa = PBXGroup;
			children = (
				3DCCBCFD25552D0C0032FD65 /* ConcentrationTests.swift */,
				3DCCBCFF25552D0C0032FD65 /* Info.plist */,
			);
			path = ConcentrationTests;
			sourceTree = "<group>";
		};
		3DCCBD0725552D0C0032FD65 /* ConcentrationUITests */ = {
			isa = PBXGroup;
			children = (
				3DCCBD0825552D0C0032FD65 /* ConcentrationUITests.swift */,
				3DCCBD0A25552D0C0032FD65 /* Info.plist */,
			);
			path = ConcentrationUITests;
			sourceTree = "<group>";
		};
		3DCCBD1625552D300032FD65 /* Supporting Files */ = {
			isa = PBXGroup;
			children = (
				3DCCBCE625552D0A0032FD65 /* AppDelegate.swift */,
				3DCCBCE825552D0A0032FD65 /* SceneDelegate.swift */,
				3DCCBCEF25552D0C0032FD65 /* Assets.xcassets */,
				3DCCBCF125552D0C0032FD65 /* LaunchScreen.storyboard */,
			);
			path = "Supporting Files";
			sourceTree = "<group>";
		};
/* End PBXGroup section */

/* Begin PBXNativeTarget section */
		3DCCBCE225552D0A0032FD65 /* Concentration */ = {
			isa = PBXNativeTarget;
			buildConfigurationList = 3DCCBD0D25552D0C0032FD65 /* Build configuration list for PBXNativeTarget "Concentration" */;
			buildPhases = (
				3DCCBCDF25552D0A0032FD65 /* Sources */,
				3DCCBCE025552D0A0032FD65 /* Frameworks */,
				3DCCBCE125552D0A0032FD65 /* Resources */,
			);
			buildRules = (
			);
			dependencies = (
			);
			name = Concentration;
			productName = Concentration;
			productReference = 3DCCBCE325552D0A0032FD65 /* Concentration.app */;
			productType = "com.apple.product-type.application";
		};
		3DCCBCF825552D0C0032FD65 /* ConcentrationTests */ = {
			isa = PBXNativeTarget;
			buildConfigurationList = 3DCCBD1025552D0C0032FD65 /* Build configuration list for PBXNativeTarget "ConcentrationTests" */;
			buildPhases = (
				3DCCBCF525552D0C0032FD65 /* Sources */,
				3DCCBCF625552D0C0032FD65 /* Frameworks */,
				3DCCBCF725552D0C0032FD65 /* Resources */,
			);
			buildRules = (
			);
			dependencies = (
				3DCCBCFB25552D0C0032FD65 /* PBXTargetDependency */,
			);
			name = ConcentrationTests;
			productName = ConcentrationTests;
			productReference = 3DCCBCF925552D0C0032FD65 /* ConcentrationTests.xctest */;
			productType = "com.apple.product-type.bundle.unit-test";
		};
		3DCCBD0325552D0C0032FD65 /* ConcentrationUITests */ = {
			isa = PBXNativeTarget;
			buildConfigurationList = 3DCCBD1325552D0C0032FD65 /* Build configuration list for PBXNativeTarget "ConcentrationUITests" */;
			buildPhases = (
				3DCCBD0025552D0C0032FD65 /* Sources */,
				3DCCBD0125552D0C0032FD65 /* Frameworks */,
				3DCCBD0225552D0C0032FD65 /* Resources */,
			);
			buildRules = (
			);
			dependencies = (
				3DCCBD0625552D0C0032FD65 /* PBXTargetDependency */,
			);
			name = ConcentrationUITests;
			productName = ConcentrationUITests;
			productReference = 3DCCBD0425552D0C0032FD65 /* ConcentrationUITests.xctest */;
			productType = "com.apple.product-type.bundle.ui-testing";
		};
/* End PBXNativeTarget section */

/* Begin PBXProject section */
		3DCCBCDB25552D0A0032FD65 /* Project object */ = {
			isa = PBXProject;
			attributes = {
				LastSwiftUpdateCheck = 1150;
				LastUpgradeCheck = 1150;
				ORGANIZATIONNAME = "Zubair Ahmed";
				TargetAttributes = {
					3DCCBCE225552D0A0032FD65 = {
						CreatedOnToolsVersion = 11.5;
					};
					3DCCBCF825552D0C0032FD65 = {
						CreatedOnToolsVersion = 11.5;
						TestTargetID = 3DCCBCE225552D0A0032FD65;
					};
					3DCCBD0325552D0C0032FD65 = {
						CreatedOnToolsVersion = 11.5;
						TestTargetID = 3DCCBCE225552D0A0032FD65;
					};
				};
			};
			buildConfigurationList = 3DCCBCDE25552D0A0032FD65 /* Build configuration list for PBXProject "Concentration" */;
			compatibilityVersion = "Xcode 9.3";
			developmentRegion = en;
			hasScannedForEncodings = 0;
			knownRegions = (
				en,
				Base,
			);
			mainGroup = 3DCCBCDA25552D0A0032FD65;
			productRefGroup = 3DCCBCE425552D0A0032FD65 /* Products */;
			projectDirPath = "";
			projectRoot = "";
			targets = (
				3DCCBCE225552D0A0032FD65 /* Concentration */,
				3DCCBCF825552D0C0032FD65 /* ConcentrationTests */,
				3DCCBD0325552D0C0032FD65 /* ConcentrationUITests */,
			);
		};
/* End PBXProject section */

/* Begin PBXResourcesBuildPhase section */
		3DCCBCE125552D0A0032FD65 /* Resources */ = {
			isa = PBXResourcesBuildPhase;
			buildActionMask = 2147483647;
			files = (
				3DCCBCF325552D0C0032FD65 /* LaunchScreen.storyboard in Resources */,
				3DCCBCF025552D0C0032FD65 /* Assets.xcassets in Resources */,
				3DCCBCEE25552D0A0032FD65 /* Main.storyboard in Resources */,
			);
			runOnlyForDeploymentPostprocessing = 0;
		};
		3DCCBCF725552D0C0032FD65 /* Resources */ = {
			isa = PBXResourcesBuildPhase;
			buildActionMask = 2147483647;
			files = (
			);
			runOnlyForDeploymentPostprocessing = 0;
		};
		3DCCBD0225552D0C0032FD65 /* Resources */ = {
			isa = PBXResourcesBuildPhase;
			buildActionMask = 2147483647;
			files = (
			);
			runOnlyForDeploymentPostprocessing = 0;
		};
/* End PBXResourcesBuildPhase section */

/* Begin PBXSourcesBuildPhase section */
		3DCCBCDF25552D0A0032FD65 /* Sources */ = {
			isa = PBXSourcesBuildPhase;
			buildActionMask = 2147483647;
			files = (
				3D59498F2557DB4000ABBF88 /* SceneDelegate.swift in Sources */,
				3DCCBCEB25552D0A0032FD65 /* ViewController.swift in Sources */,
				3DCCBCE725552D0A0032FD65 /* AppDelegate.swift in Sources */,
				3DCCBD2225559FF50032FD65 /* Card.swift in Sources */,
				3DCCBD2025559FBD0032FD65 /* Concentration.swift in Sources */,
			);
			runOnlyForDeploymentPostprocessing = 0;
		};
		3DCCBCF525552D0C0032FD65 /* Sources */ = {
			isa = PBXSourcesBuildPhase;
			buildActionMask = 2147483647;
			files = (
				3DCCBCFE25552D0C0032FD65 /* ConcentrationTests.swift in Sources */,
			);
			runOnlyForDeploymentPostprocessing = 0;
		};
		3DCCBD0025552D0C0032FD65 /* Sources */ = {
			isa = PBXSourcesBuildPhase;
			buildActionMask = 2147483647;
			files = (
				3DCCBD0925552D0C0032FD65 /* ConcentrationUITests.swift in Sources */,
			);
			runOnlyForDeploymentPostprocessing = 0;
		};
/* End PBXSourcesBuildPhase section */

/* Begin PBXTargetDependency section */
		3DCCBCFB25552D0C0032FD65 /* PBXTargetDependency */ = {
			isa = PBXTargetDependency;
			target = 3DCCBCE225552D0A0032FD65 /* Concentration */;
			targetProxy = 3DCCBCFA25552D0C0032FD65 /* PBXContainerItemProxy */;
		};
		3DCCBD0625552D0C0032FD65 /* PBXTargetDependency */ = {
			isa = PBXTargetDependency;
			target = 3DCCBCE225552D0A0032FD65 /* Concentration */;
			targetProxy = 3DCCBD0525552D0C0032FD65 /* PBXContainerItemProxy */;
		};
/* End PBXTargetDependency section */

/* Begin PBXVariantGroup section */
		3DCCBCEC25552D0A0032FD65 /* Main.storyboard */ = {
			isa = PBXVariantGroup;
			children = (
				3DCCBCED25552D0A0032FD65 /* Base */,
			);
			name = Main.storyboard;
			sourceTree = "<group>";
		};
		3DCCBCF125552D0C0032FD65 /* LaunchScreen.storyboard */ = {
			isa = PBXVariantGroup;
			children = (
				3DCCBCF225552D0C0032FD65 /* Base */,
			);
			name = LaunchScreen.storyboard;
			sourceTree = "<group>";
		};
/* End PBXVariantGroup section */

/* Begin XCBuildConfiguration section */
		3DCCBD0B25552D0C0032FD65 /* Debug */ = {
			isa = XCBuildConfiguration;
			buildSettings = {
				ALWAYS_SEARCH_USER_PATHS = NO;
				CLANG_ANALYZER_NONNULL = YES;
				CLANG_ANALYZER_NUMBER_OBJECT_CONVERSION = YES_AGGRESSIVE;
				CLANG_CXX_LANGUAGE_STANDARD = "gnu++14";
				CLANG_CXX_LIBRARY = "libc++";
				CLANG_ENABLE_MODULES = YES;
				CLANG_ENABLE_OBJC_ARC = YES;
				CLANG_ENABLE_OBJC_WEAK = YES;
				CLANG_WARN_BLOCK_CAPTURE_AUTORELEASING = YES;
				CLANG_WARN_BOOL_CONVERSION = YES;
				CLANG_WARN_COMMA = YES;
				CLANG_WARN_CONSTANT_CONVERSION = YES;
				CLANG_WARN_DEPRECATED_OBJC_IMPLEMENTATIONS = YES;
				CLANG_WARN_DIRECT_OBJC_ISA_USAGE = YES_ERROR;
				CLANG_WARN_DOCUMENTATION_COMMENTS = YES;
				CLANG_WARN_EMPTY_BODY = YES;
				CLANG_WARN_ENUM_CONVERSION = YES;
				CLANG_WARN_INFINITE_RECURSION = YES;
				CLANG_WARN_INT_CONVERSION = YES;
				CLANG_WARN_NON_LITERAL_NULL_CONVERSION = YES;
				CLANG_WARN_OBJC_IMPLICIT_RETAIN_SELF = YES;
				CLANG_WARN_OBJC_LITERAL_CONVERSION = YES;
				CLANG_WARN_OBJC_ROOT_CLASS = YES_ERROR;
				CLANG_WARN_RANGE_LOOP_ANALYSIS = YES;
				CLANG_WARN_STRICT_PROTOTYPES = YES;
				CLANG_WARN_SUSPICIOUS_MOVE = YES;
				CLANG_WARN_UNGUARDED_AVAILABILITY = YES_AGGRESSIVE;
				CLANG_WARN_UNREACHABLE_CODE = YES;
				CLANG_WARN__DUPLICATE_METHOD_MATCH = YES;
				COPY_PHASE_STRIP = NO;
				DEBUG_INFORMATION_FORMAT = dwarf;
				ENABLE_STRICT_OBJC_MSGSEND = YES;
				ENABLE_TESTABILITY = YES;
				GCC_C_LANGUAGE_STANDARD = gnu11;
				GCC_DYNAMIC_NO_PIC = NO;
				GCC_NO_COMMON_BLOCKS = YES;
				GCC_OPTIMIZATION_LEVEL = 0;
				GCC_PREPROCESSOR_DEFINITIONS = (
					"DEBUG=1",
					"$(inherited)",
				);
				GCC_WARN_64_TO_32_BIT_CONVERSION = YES;
				GCC_WARN_ABOUT_RETURN_TYPE = YES_ERROR;
				GCC_WARN_UNDECLARED_SELECTOR = YES;
				GCC_WARN_UNINITIALIZED_AUTOS = YES_AGGRESSIVE;
				GCC_WARN_UNUSED_FUNCTION = YES;
				GCC_WARN_UNUSED_VARIABLE = YES;
				IPHONEOS_DEPLOYMENT_TARGET = 13.5;
				MTL_ENABLE_DEBUG_INFO = INCLUDE_SOURCE;
				MTL_FAST_MATH = YES;
				ONLY_ACTIVE_ARCH = YES;
				SDKROOT = iphoneos;
				SWIFT_ACTIVE_COMPILATION_CONDITIONS = DEBUG;
				SWIFT_OPTIMIZATION_LEVEL = "-Onone";
			};
			name = Debug;
		};
		3DCCBD0C25552D0C0032FD65 /* Release */ = {
			isa = XCBuildConfiguration;
			buildSettings = {
				ALWAYS_SEARCH_USER_PATHS = NO;
				CLANG_ANALYZER_NONNULL = YES;
				CLANG_ANALYZER_NUMBER_OBJECT_CONVERSION = YES_AGGRESSIVE;
				CLANG_CXX_LANGUAGE_STANDARD = "gnu++14";
				CLANG_CXX_LIBRARY = "libc++";
				CLANG_ENABLE_MODULES = YES;
				CLANG_ENABLE_OBJC_ARC = YES;
				CLANG_ENABLE_OBJC_WEAK = YES;
				CLANG_WARN_BLOCK_CAPTURE_AUTORELEASING = YES;
				CLANG_WARN_BOOL_CONVERSION = YES;
				CLANG_WARN_COMMA = YES;
				CLANG_WARN_CONSTANT_CONVERSION = YES;
				CLANG_WARN_DEPRECATED_OBJC_IMPLEMENTATIONS = YES;
				CLANG_WARN_DIRECT_OBJC_ISA_USAGE = YES_ERROR;
				CLANG_WARN_DOCUMENTATION_COMMENTS = YES;
				CLANG_WARN_EMPTY_BODY = YES;
				CLANG_WARN_ENUM_CONVERSION = YES;
				CLANG_WARN_INFINITE_RECURSION = YES;
				CLANG_WARN_INT_CONVERSION = YES;
				CLANG_WARN_NON_LITERAL_NULL_CONVERSION = YES;
				CLANG_WARN_OBJC_IMPLICIT_RETAIN_SELF = YES;
				CLANG_WARN_OBJC_LITERAL_CONVERSION = YES;
				CLANG_WARN_OBJC_ROOT_CLASS = YES_ERROR;
				CLANG_WARN_RANGE_LOOP_ANALYSIS = YES;
				CLANG_WARN_STRICT_PROTOTYPES = YES;
				CLANG_WARN_SUSPICIOUS_MOVE = YES;
				CLANG_WARN_UNGUARDED_AVAILABILITY = YES_AGGRESSIVE;
				CLANG_WARN_UNREACHABLE_CODE = YES;
				CLANG_WARN__DUPLICATE_METHOD_MATCH = YES;
				COPY_PHASE_STRIP = NO;
				DEBUG_INFORMATION_FORMAT = "dwarf-with-dsym";
				ENABLE_NS_ASSERTIONS = NO;
				ENABLE_STRICT_OBJC_MSGSEND = YES;
				GCC_C_LANGUAGE_STANDARD = gnu11;
				GCC_NO_COMMON_BLOCKS = YES;
				GCC_WARN_64_TO_32_BIT_CONVERSION = YES;
				GCC_WARN_ABOUT_RETURN_TYPE = YES_ERROR;
				GCC_WARN_UNDECLARED_SELECTOR = YES;
				GCC_WARN_UNINITIALIZED_AUTOS = YES_AGGRESSIVE;
				GCC_WARN_UNUSED_FUNCTION = YES;
				GCC_WARN_UNUSED_VARIABLE = YES;
				IPHONEOS_DEPLOYMENT_TARGET = 13.5;
				MTL_ENABLE_DEBUG_INFO = NO;
				MTL_FAST_MATH = YES;
				SDKROOT = iphoneos;
				SWIFT_COMPILATION_MODE = wholemodule;
				SWIFT_OPTIMIZATION_LEVEL = "-O";
				VALIDATE_PRODUCT = YES;
			};
			name = Release;
		};
		3DCCBD0E25552D0C0032FD65 /* Debug */ = {
			isa = XCBuildConfiguration;
			buildSettings = {
				ASSETCATALOG_COMPILER_APPICON_NAME = AppIcon;
				CODE_SIGN_STYLE = Automatic;
				DEVELOPMENT_TEAM = GC67KCDQ59;
				INFOPLIST_FILE = Concentration/Info.plist;
				LD_RUNPATH_SEARCH_PATHS = (
					"$(inherited)",
					"@executable_path/Frameworks",
				);
				PRODUCT_BUNDLE_IDENTIFIER = zahmedpk.Concentration;
				PRODUCT_NAME = "$(TARGET_NAME)";
				SWIFT_VERSION = 5.0;
				TARGETED_DEVICE_FAMILY = "1,2";
			};
			name = Debug;
		};
		3DCCBD0F25552D0C0032FD65 /* Release */ = {
			isa = XCBuildConfiguration;
			buildSettings = {
				ASSETCATALOG_COMPILER_APPICON_NAME = AppIcon;
				CODE_SIGN_STYLE = Automatic;
				DEVELOPMENT_TEAM = GC67KCDQ59;
				INFOPLIST_FILE = Concentration/Info.plist;
				LD_RUNPATH_SEARCH_PATHS = (
					"$(inherited)",
					"@executable_path/Frameworks",
				);
				PRODUCT_BUNDLE_IDENTIFIER = zahmedpk.Concentration;
				PRODUCT_NAME = "$(TARGET_NAME)";
				SWIFT_VERSION = 5.0;
				TARGETED_DEVICE_FAMILY = "1,2";
			};
			name = Release;
		};
		3DCCBD1125552D0C0032FD65 /* Debug */ = {
			isa = XCBuildConfiguration;
			buildSettings = {
				ALWAYS_EMBED_SWIFT_STANDARD_LIBRARIES = YES;
				BUNDLE_LOADER = "$(TEST_HOST)";
				CODE_SIGN_STYLE = Automatic;
				DEVELOPMENT_TEAM = GC67KCDQ59;
				INFOPLIST_FILE = ConcentrationTests/Info.plist;
				IPHONEOS_DEPLOYMENT_TARGET = 13.5;
				LD_RUNPATH_SEARCH_PATHS = (
					"$(inherited)",
					"@executable_path/Frameworks",
					"@loader_path/Frameworks",
				);
				PRODUCT_BUNDLE_IDENTIFIER = zahmedpk.ConcentrationTests;
				PRODUCT_NAME = "$(TARGET_NAME)";
				SWIFT_VERSION = 5.0;
				TARGETED_DEVICE_FAMILY = "1,2";
				TEST_HOST = "$(BUILT_PRODUCTS_DIR)/Concentration.app/Concentration";
			};
			name = Debug;
		};
		3DCCBD1225552D0C0032FD65 /* Release */ = {
			isa = XCBuildConfiguration;
			buildSettings = {
				ALWAYS_EMBED_SWIFT_STANDARD_LIBRARIES = YES;
				BUNDLE_LOADER = "$(TEST_HOST)";
				CODE_SIGN_STYLE = Automatic;
				DEVELOPMENT_TEAM = GC67KCDQ59;
				INFOPLIST_FILE = ConcentrationTests/Info.plist;
				IPHONEOS_DEPLOYMENT_TARGET = 13.5;
				LD_RUNPATH_SEARCH_PATHS = (
					"$(inherited)",
					"@executable_path/Frameworks",
					"@loader_path/Frameworks",
				);
				PRODUCT_BUNDLE_IDENTIFIER = zahmedpk.ConcentrationTests;
				PRODUCT_NAME = "$(TARGET_NAME)";
				SWIFT_VERSION = 5.0;
				TARGETED_DEVICE_FAMILY = "1,2";
				TEST_HOST = "$(BUILT_PRODUCTS_DIR)/Concentration.app/Concentration";
			};
			name = Release;
		};
		3DCCBD1425552D0C0032FD65 /* Debug */ = {
			isa = XCBuildConfiguration;
			buildSettings = {
				ALWAYS_EMBED_SWIFT_STANDARD_LIBRARIES = YES;
				CODE_SIGN_STYLE = Automatic;
				DEVELOPMENT_TEAM = GC67KCDQ59;
				INFOPLIST_FILE = ConcentrationUITests/Info.plist;
				LD_RUNPATH_SEARCH_PATHS = (
					"$(inherited)",
					"@executable_path/Frameworks",
					"@loader_path/Frameworks",
				);
				PRODUCT_BUNDLE_IDENTIFIER = zahmedpk.ConcentrationUITests;
				PRODUCT_NAME = "$(TARGET_NAME)";
				SWIFT_VERSION = 5.0;
				TARGETED_DEVICE_FAMILY = "1,2";
				TEST_TARGET_NAME = Concentration;
			};
			name = Debug;
		};
		3DCCBD1525552D0C0032FD65 /* Release */ = {
			isa = XCBuildConfiguration;
			buildSettings = {
				ALWAYS_EMBED_SWIFT_STANDARD_LIBRARIES = YES;
				CODE_SIGN_STYLE = Automatic;
				DEVELOPMENT_TEAM = GC67KCDQ59;
				INFOPLIST_FILE = ConcentrationUITests/Info.plist;
				LD_RUNPATH_SEARCH_PATHS = (
					"$(inherited)",
					"@executable_path/Frameworks",
					"@loader_path/Frameworks",
				);
				PRODUCT_BUNDLE_IDENTIFIER = zahmedpk.ConcentrationUITests;
				PRODUCT_NAME = "$(TARGET_NAME)";
				SWIFT_VERSION = 5.0;
				TARGETED_DEVICE_FAMILY = "1,2";
				TEST_TARGET_NAME = Concentration;
			};
			name = Release;
		};
/* End XCBuildConfiguration section */

/* Begin XCConfigurationList section */
		3DCCBCDE25552D0A0032FD65 /* Build configuration list for PBXProject "Concentration" */ = {
			isa = XCConfigurationList;
			buildConfigurations = (
				3DCCBD0B25552D0C0032FD65 /* Debug */,
				3DCCBD0C25552D0C0032FD65 /* Release */,
			);
			defaultConfigurationIsVisible = 0;
			defaultConfigurationName = Release;
		};
		3DCCBD0D25552D0C0032FD65 /* Build configuration list for PBXNativeTarget "Concentration" */ = {
			isa = XCConfigurationList;
			buildConfigurations = (
				3DCCBD0E25552D0C0032FD65 /* Debug */,
				3DCCBD0F25552D0C0032FD65 /* Release */,
			);
			defaultConfigurationIsVisible = 0;
			defaultConfigurationName = Release;
		};
		3DCCBD1025552D0C0032FD65 /* Build configuration list for PBXNativeTarget "ConcentrationTests" */ = {
			isa = XCConfigurationList;
			buildConfigurations = (
				3DCCBD1125552D0C0032FD65 /* Debug */,
				3DCCBD1225552D0C0032FD65 /* Release */,
			);
			defaultConfigurationIsVisible = 0;
			defaultConfigurationName = Release;
		};
		3DCCBD1325552D0C0032FD65 /* Build configuration list for PBXNativeTarget "ConcentrationUITests" */ = {
			isa = XCConfigurationList;
			buildConfigurations = (
				3DCCBD1425552D0C0032FD65 /* Debug */,
				3DCCBD1525552D0C0032FD65 /* Release */,
			);
			defaultConfigurationIsVisible = 0;
			defaultConfigurationName = Release;
		};
/* End XCConfigurationList section */
	};
	rootObject = 3DCCBCDB25552D0A0032FD65 /* Project object */;
}
